// !$*UTF8*$!
{
	archiveVersion = 1;
	classes = {
	};
	objectVersion = 46;
	objects = {

/* Begin PBXBuildFile section */
		3F9BE4E21C89BDF8002EDC6E /* AppDelegate.swift in Sources */ = {isa = PBXBuildFile; fileRef = 3F9BE4E11C89BDF8002EDC6E /* AppDelegate.swift */; };
		3F9BE4E71C89BDF8002EDC6E /* Main.storyboard in Resources */ = {isa = PBXBuildFile; fileRef = 3F9BE4E51C89BDF8002EDC6E /* Main.storyboard */; };
		3F9BE4E91C89BDF8002EDC6E /* Assets.xcassets in Resources */ = {isa = PBXBuildFile; fileRef = 3F9BE4E81C89BDF8002EDC6E /* Assets.xcassets */; };
		3F9BE4EC1C89BDF8002EDC6E /* LaunchScreen.storyboard in Resources */ = {isa = PBXBuildFile; fileRef = 3F9BE4EA1C89BDF8002EDC6E /* LaunchScreen.storyboard */; };
		3F9BE4F71C89BE86002EDC6E /* TableViewController.swift in Sources */ = {isa = PBXBuildFile; fileRef = 3F9BE4F61C89BE86002EDC6E /* TableViewController.swift */; };
		3F9BE4F91C89C04C002EDC6E /* DetailViewController.swift in Sources */ = {isa = PBXBuildFile; fileRef = 3F9BE4F81C89C04C002EDC6E /* DetailViewController.swift */; };
		3F9BE4FB1C89C37C002EDC6E /* TableViewCell.swift in Sources */ = {isa = PBXBuildFile; fileRef = 3F9BE4FA1C89C37C002EDC6E /* TableViewCell.swift */; };
		3F9BE4FD1C89C421002EDC6E /* Album.swift in Sources */ = {isa = PBXBuildFile; fileRef = 3F9BE4FC1C89C421002EDC6E /* Album.swift */; };
/* End PBXBuildFile section */

/* Begin PBXFileReference section */
		3F9BE4DE1C89BDF8002EDC6E /* DesafioOuro.app */ = {isa = PBXFileReference; explicitFileType = wrapper.application; includeInIndex = 0; path = DesafioOuro.app; sourceTree = BUILT_PRODUCTS_DIR; };
		3F9BE4E11C89BDF8002EDC6E /* AppDelegate.swift */ = {isa = PBXFileReference; lastKnownFileType = sourcecode.swift; path = AppDelegate.swift; sourceTree = "<group>"; };
		3F9BE4E61C89BDF8002EDC6E /* Base */ = {isa = PBXFileReference; lastKnownFileType = file.storyboard; name = Base; path = Base.lproj/Main.storyboard; sourceTree = "<group>"; };
		3F9BE4E81C89BDF8002EDC6E /* Assets.xcassets */ = {isa = PBXFileReference; lastKnownFileType = folder.assetcatalog; path = Assets.xcassets; sourceTree = "<group>"; };
		3F9BE4EB1C89BDF8002EDC6E /* Base */ = {isa = PBXFileReference; lastKnownFileType = file.storyboard; name = Base; path = Base.lproj/LaunchScreen.storyboard; sourceTree = "<group>"; };
		3F9BE4ED1C89BDF8002EDC6E /* Info.plist */ = {isa = PBXFileReference; lastKnownFileType = text.plist.xml; path = Info.plist; sourceTree = "<group>"; };
		3F9BE4F61C89BE86002EDC6E /* TableViewController.swift */ = {isa = PBXFileReference; fileEncoding = 4; lastKnownFileType = sourcecode.swift; path = TableViewController.swift; sourceTree = "<group>"; };
		3F9BE4F81C89C04C002EDC6E /* DetailViewController.swift */ = {isa = PBXFileReference; fileEncoding = 4; lastKnownFileType = sourcecode.swift; path = DetailViewController.swift; sourceTree = "<group>"; };
		3F9BE4FA1C89C37C002EDC6E /* TableViewCell.swift */ = {isa = PBXFileReference; fileEncoding = 4; lastKnownFileType = sourcecode.swift; path = TableViewCell.swift; sourceTree = "<group>"; };
		3F9BE4FC1C89C421002EDC6E /* Album.swift */ = {isa = PBXFileReference; fileEncoding = 4; lastKnownFileType = sourcecode.swift; path = Album.swift; sourceTree = "<group>"; };
/* End PBXFileReference section */

/* Begin PBXFrameworksBuildPhase section */
		3F9BE4DB1C89BDF8002EDC6E /* Frameworks */ = {
			isa = PBXFrameworksBuildPhase;
			buildActionMask = 2147483647;
			files = (
			);
			runOnlyForDeploymentPostprocessing = 0;
		};
/* End PBXFrameworksBuildPhase section */

/* Begin PBXGroup section */
		3F9BE4D51C89BDF8002EDC6E = {
			isa = PBXGroup;
			children = (
				3F9BE4E01C89BDF8002EDC6E /* DesafioOuro */,
				3F9BE4F31C89BE1B002EDC6E /* Supporting Files */,
				3F9BE4DF1C89BDF8002EDC6E /* Products */,
			);
			sourceTree = "<group>";
		};
		3F9BE4DF1C89BDF8002EDC6E /* Products */ = {
			isa = PBXGroup;
			children = (
				3F9BE4DE1C89BDF8002EDC6E /* DesafioOuro.app */,
			);
			name = Products;
			sourceTree = "<group>";
		};
		3F9BE4E01C89BDF8002EDC6E /* DesafioOuro */ = {
			isa = PBXGroup;
			children = (
				3F9BE4F41C89BE62002EDC6E /* View */,
				3F9BE4F51C89BE67002EDC6E /* Controller */,
				3F9BE4FE1C89C425002EDC6E /* Model */,
			);
			path = DesafioOuro;
			sourceTree = "<group>";
		};
		3F9BE4F31C89BE1B002EDC6E /* Supporting Files */ = {
			isa = PBXGroup;
			children = (
				3F9BE4E11C89BDF8002EDC6E /* AppDelegate.swift */,
				3F9BE4E81C89BDF8002EDC6E /* Assets.xcassets */,
				3F9BE4EA1C89BDF8002EDC6E /* LaunchScreen.storyboard */,
				3F9BE4ED1C89BDF8002EDC6E /* Info.plist */,
			);
			name = "Supporting Files";
			path = DesafioOuro;
			sourceTree = "<group>";
		};
		3F9BE4F41C89BE62002EDC6E /* View */ = {
			isa = PBXGroup;
			children = (
				3F9BE4E51C89BDF8002EDC6E /* Main.storyboard */,
			);
			name = View;
			sourceTree = "<group>";
		};
		3F9BE4F51C89BE67002EDC6E /* Controller */ = {
			isa = PBXGroup;
			children = (
				3F9BE4F61C89BE86002EDC6E /* TableViewController.swift */,
				3F9BE4F81C89C04C002EDC6E /* DetailViewController.swift */,
				3F9BE4FA1C89C37C002EDC6E /* TableViewCell.swift */,
			);
			name = Controller;
			sourceTree = "<group>";
		};
		3F9BE4FE1C89C425002EDC6E /* Model */ = {
			isa = PBXGroup;
			children = (
				3F9BE4FC1C89C421002EDC6E /* Album.swift */,
			);
			name = Model;
			sourceTree = "<group>";
		};
/* End PBXGroup section */

/* Begin PBXNativeTarget section */
		3F9BE4DD1C89BDF8002EDC6E /* DesafioOuro */ = {
			isa = PBXNativeTarget;
			buildConfigurationList = 3F9BE4F01C89BDF8002EDC6E /* Build configuration list for PBXNativeTarget "DesafioOuro" */;
			buildPhases = (
				3F9BE4DA1C89BDF8002EDC6E /* Sources */,
				3F9BE4DB1C89BDF8002EDC6E /* Frameworks */,
				3F9BE4DC1C89BDF8002EDC6E /* Resources */,
			);
			buildRules = (
			);
			dependencies = (
			);
			name = DesafioOuro;
			productName = DesafioOuro;
			productReference = 3F9BE4DE1C89BDF8002EDC6E /* DesafioOuro.app */;
			productType = "com.apple.product-type.application";
		};
/* End PBXNativeTarget section */

/* Begin PBXProject section */
		3F9BE4D61C89BDF8002EDC6E /* Project object */ = {
			isa = PBXProject;
			attributes = {
				LastSwiftUpdateCheck = 0720;
				LastUpgradeCheck = 0720;
				ORGANIZATIONNAME = Student;
				TargetAttributes = {
					3F9BE4DD1C89BDF8002EDC6E = {
						CreatedOnToolsVersion = 7.2;
					};
				};
			};
			buildConfigurationList = 3F9BE4D91C89BDF8002EDC6E /* Build configuration list for PBXProject "DesafioOuro" */;
			compatibilityVersion = "Xcode 3.2";
			developmentRegion = English;
			hasScannedForEncodings = 0;
			knownRegions = (
				en,
				Base,
			);
			mainGroup = 3F9BE4D51C89BDF8002EDC6E;
			productRefGroup = 3F9BE4DF1C89BDF8002EDC6E /* Products */;
			projectDirPath = "";
			projectRoot = "";
			targets = (
				3F9BE4DD1C89BDF8002EDC6E /* DesafioOuro */,
			);
		};
/* End PBXProject section */

/* Begin PBXResourcesBuildPhase section */
		3F9BE4DC1C89BDF8002EDC6E /* Resources */ = {
			isa = PBXResourcesBuildPhase;
			buildActionMask = 2147483647;
			files = (
				3F9BE4EC1C89BDF8002EDC6E /* LaunchScreen.storyboard in Resources */,
				3F9BE4E91C89BDF8002EDC6E /* Assets.xcassets in Resources */,
				3F9BE4E71C89BDF8002EDC6E /* Main.storyboard in Resources */,
			);
			runOnlyForDeploymentPostprocessing = 0;
		};
/* End PBXResourcesBuildPhase section */

/* Begin PBXSourcesBuildPhase section */
		3F9BE4DA1C89BDF8002EDC6E /* Sources */ = {
			isa = PBXSourcesBuildPhase;
			buildActionMask = 2147483647;
			files = (
				3F9BE4F91C89C04C002EDC6E /* DetailViewController.swift in Sources */,
				3F9BE4FB1C89C37C002EDC6E /* TableViewCell.swift in Sources */,
				3F9BE4E21C89BDF8002EDC6E /* AppDelegate.swift in Sources */,
				3F9BE4F71C89BE86002EDC6E /* TableViewController.swift in Sources */,
				3F9BE4FD1C89C421002EDC6E /* Album.swift in Sources */,
			);
			runOnlyForDeploymentPostprocessing = 0;
		};
/* End PBXSourcesBuildPhase section */

/* Begin PBXVariantGroup section */
		3F9BE4E51C89BDF8002EDC6E /* Main.storyboard */ = {
			isa = PBXVariantGroup;
			children = (
				3F9BE4E61C89BDF8002EDC6E /* Base */,
			);
			name = Main.storyboard;
			sourceTree = "<group>";
		};
		3F9BE4EA1C89BDF8002EDC6E /* LaunchScreen.storyboard */ = {
			isa = PBXVariantGroup;
			children = (
				3F9BE4EB1C89BDF8002EDC6E /* Base */,
			);
			name = LaunchScreen.storyboard;
			sourceTree = "<group>";
		};
/* End PBXVariantGroup section */

/* Begin XCBuildConfiguration section */
		3F9BE4EE1C89BDF8002EDC6E /* Debug */ = {
			isa = XCBuildConfiguration;
			buildSettings = {
				ALWAYS_SEARCH_USER_PATHS = NO;
				CLANG_CXX_LANGUAGE_STANDARD = "gnu++0x";
				CLANG_CXX_LIBRARY = "libc++";
				CLANG_ENABLE_MODULES = YES;
				CLANG_ENABLE_OBJC_ARC = YES;
				CLANG_WARN_BOOL_CONVERSION = YES;
				CLANG_WARN_CONSTANT_CONVERSION = YES;
				CLANG_WARN_DIRECT_OBJC_ISA_USAGE = YES_ERROR;
				CLANG_WARN_EMPTY_BODY = YES;
				CLANG_WARN_ENUM_CONVERSION = YES;
				CLANG_WARN_INT_CONVERSION = YES;
				CLANG_WARN_OBJC_ROOT_CLASS = YES_ERROR;
				CLANG_WARN_UNREACHABLE_CODE = YES;
				CLANG_WARN__DUPLICATE_METHOD_MATCH = YES;
				"CODE_SIGN_IDENTITY[sdk=iphoneos*]" = "iPhone Developer";
				COPY_PHASE_STRIP = NO;
				DEBUG_INFORMATION_FORMAT = dwarf;
				ENABLE_STRICT_OBJC_MSGSEND = YES;
				ENABLE_TESTABILITY = YES;
				GCC_C_LANGUAGE_STANDARD = gnu99;
				GCC_DYNAMIC_NO_PIC = NO;
				GCC_NO_COMMON_BLOCKS = YES;
				GCC_OPTIMIZATION_LEVEL = 0;
				GCC_PREPROCESSOR_DEFINITIONS = (
					"DEBUG=1",
					"$(inherited)",
				);
				GCC_WARN_64_TO_32_BIT_CONVERSION = YES;
				GCC_WARN_ABOUT_RETURN_TYPE = YES_ERROR;
				GCC_WARN_UNDECLARED_SELECTOR = YES;
				GCC_WARN_UNINITIALIZED_AUTOS = YES_AGGRESSIVE;
				GCC_WARN_UNUSED_FUNCTION = YES;
				GCC_WARN_UNUSED_VARIABLE = YES;
				IPHONEOS_DEPLOYMENT_TARGET = 9.2;
				MTL_ENABLE_DEBUG_INFO = YES;
				ONLY_ACTIVE_ARCH = YES;
				SDKROOT = iphoneos;
				SWIFT_OPTIMIZATION_LEVEL = "-Onone";
			};
			name = Debug;
		};
		3F9BE4EF1C89BDF8002EDC6E /* Release */ = {
			isa = XCBuildConfiguration;
			buildSettings = {
				ALWAYS_SEARCH_USER_PATHS = NO;
				CLANG_CXX_LANGUAGE_STANDARD = "gnu++0x";
				CLANG_CXX_LIBRARY = "libc++";
				CLANG_ENABLE_MODULES = YES;
				CLANG_ENABLE_OBJC_ARC = YES;
				CLANG_WARN_BOOL_CONVERSION = YES;
				CLANG_WARN_CONSTANT_CONVERSION = YES;
				CLANG_WARN_DIRECT_OBJC_ISA_USAGE = YES_ERROR;
				CLANG_WARN_EMPTY_BODY = YES;
				CLANG_WARN_ENUM_CONVERSION = YES;
				CLANG_WARN_INT_CONVERSION = YES;
				CLANG_WARN_OBJC_ROOT_CLASS = YES_ERROR;
				CLANG_WARN_UNREACHABLE_CODE = YES;
				CLANG_WARN__DUPLICATE_METHOD_MATCH = YES;
				"CODE_SIGN_IDENTITY[sdk=iphoneos*]" = "iPhone Developer";
				COPY_PHASE_STRIP = NO;
				DEBUG_INFORMATION_FORMAT = "dwarf-with-dsym";
				ENABLE_NS_ASSERTIONS = NO;
				ENABLE_STRICT_OBJC_MSGSEND = YES;
				GCC_C_LANGUAGE_STANDARD = gnu99;
				GCC_NO_COMMON_BLOCKS = YES;
				GCC_WARN_64_TO_32_BIT_CONVERSION = YES;
				GCC_WARN_ABOUT_RETURN_TYPE = YES_ERROR;
				GCC_WARN_UNDECLARED_SELECTOR = YES;
				GCC_WARN_UNINITIALIZED_AUTOS = YES_AGGRESSIVE;
				GCC_WARN_UNUSED_FUNCTION = YES;
				GCC_WARN_UNUSED_VARIABLE = YES;
				IPHONEOS_DEPLOYMENT_TARGET = 9.2;
				MTL_ENABLE_DEBUG_INFO = NO;
				SDKROOT = iphoneos;
				VALIDATE_PRODUCT = YES;
			};
			name = Release;
		};
		3F9BE4F11C89BDF8002EDC6E /* Debug */ = {
			isa = XCBuildConfiguration;
			buildSettings = {
				ASSETCATALOG_COMPILER_APPICON_NAME = AppIcon;
				INFOPLIST_FILE = DesafioOuro/Info.plist;
				LD_RUNPATH_SEARCH_PATHS = "$(inherited) @executable_path/Frameworks";
				PRODUCT_BUNDLE_IDENTIFIER = br.com.hackatruck.DesafioOuro;
				PRODUCT_NAME = "$(TARGET_NAME)";
			};
			name = Debug;
		};
		3F9BE4F21C89BDF8002EDC6E /* Release */ = {
			isa = XCBuildConfiguration;
			buildSettings = {
				ASSETCATALOG_COMPILER_APPICON_NAME = AppIcon;
				INFOPLIST_FILE = DesafioOuro/Info.plist;
				LD_RUNPATH_SEARCH_PATHS = "$(inherited) @executable_path/Frameworks";
				PRODUCT_BUNDLE_IDENTIFIER = br.com.hackatruck.DesafioOuro;
				PRODUCT_NAME = "$(TARGET_NAME)";
			};
			name = Release;
		};
/* End XCBuildConfiguration section */

/* Begin XCConfigurationList section */
		3F9BE4D91C89BDF8002EDC6E /* Build configuration list for PBXProject "DesafioOuro" */ = {
			isa = XCConfigurationList;
			buildConfigurations = (
				3F9BE4EE1C89BDF8002EDC6E /* Debug */,
				3F9BE4EF1C89BDF8002EDC6E /* Release */,
			);
			defaultConfigurationIsVisible = 0;
			defaultConfigurationName = Release;
		};
		3F9BE4F01C89BDF8002EDC6E /* Build configuration list for PBXNativeTarget "DesafioOuro" */ = {
			isa = XCConfigurationList;
			buildConfigurations = (
				3F9BE4F11C89BDF8002EDC6E /* Debug */,
				3F9BE4F21C89BDF8002EDC6E /* Release */,
			);
			defaultConfigurationIsVisible = 0;
		};
/* End XCConfigurationList section */
	};
	rootObject = 3F9BE4D61C89BDF8002EDC6E /* Project object */;
}
